// !$*UTF8*$!
{
	archiveVersion = 1;
	classes = {
	};
	objectVersion = 55;
	objects = {

/* Begin PBXBuildFile section */
		F93F715F2895399200656CA9 /* WeatherView.swift in Sources */ = {isa = PBXBuildFile; fileRef = F93F715E2895399200656CA9 /* WeatherView.swift */; };
		F9A4282A2882957D0036A804 /* MoodTodayWithTCAApp.swift in Sources */ = {isa = PBXBuildFile; fileRef = F9A428292882957D0036A804 /* MoodTodayWithTCAApp.swift */; };
		F9A4282C2882957D0036A804 /* ContentView.swift in Sources */ = {isa = PBXBuildFile; fileRef = F9A4282B2882957D0036A804 /* ContentView.swift */; };
		F9A4282E2882957E0036A804 /* Assets.xcassets in Resources */ = {isa = PBXBuildFile; fileRef = F9A4282D2882957E0036A804 /* Assets.xcassets */; };
		F9A428312882957E0036A804 /* Preview Assets.xcassets in Resources */ = {isa = PBXBuildFile; fileRef = F9A428302882957E0036A804 /* Preview Assets.xcassets */; };
		F9A4283B2882957F0036A804 /* MoodTodayWithTCATests.swift in Sources */ = {isa = PBXBuildFile; fileRef = F9A4283A2882957F0036A804 /* MoodTodayWithTCATests.swift */; };
		F9A428452882957F0036A804 /* MoodTodayWithTCAUITests.swift in Sources */ = {isa = PBXBuildFile; fileRef = F9A428442882957F0036A804 /* MoodTodayWithTCAUITests.swift */; };
		F9A428472882957F0036A804 /* MoodTodayWithTCAUITestsLaunchTests.swift in Sources */ = {isa = PBXBuildFile; fileRef = F9A428462882957F0036A804 /* MoodTodayWithTCAUITestsLaunchTests.swift */; };
		F9A42855288297BD0036A804 /* ComposableArchitecture in Frameworks */ = {isa = PBXBuildFile; productRef = F9A42854288297BD0036A804 /* ComposableArchitecture */; };
		F9A42858288297CB0036A804 /* ComposableCoreLocation in Frameworks */ = {isa = PBXBuildFile; productRef = F9A42857288297CB0036A804 /* ComposableCoreLocation */; };
		F9A4285A2882A2950036A804 /* AgreementView.swift in Sources */ = {isa = PBXBuildFile; fileRef = F9A428592882A2950036A804 /* AgreementView.swift */; };
		F9A428602882B5520036A804 /* CombineMoya in Frameworks */ = {isa = PBXBuildFile; productRef = F9A4285F2882B5520036A804 /* CombineMoya */; };
		F9A428622882B5520036A804 /* Moya in Frameworks */ = {isa = PBXBuildFile; productRef = F9A428612882B5520036A804 /* Moya */; };
		F9A428652882B5D40036A804 /* CombineExt in Frameworks */ = {isa = PBXBuildFile; productRef = F9A428642882B5D40036A804 /* CombineExt */; };
		F9A428682882B5E80036A804 /* Alamofire in Frameworks */ = {isa = PBXBuildFile; productRef = F9A428672882B5E80036A804 /* Alamofire */; };
		F9A4286A2882B6FD0036A804 /* TodayWeatherContainerView.swift in Sources */ = {isa = PBXBuildFile; fileRef = F9A428692882B6FD0036A804 /* TodayWeatherContainerView.swift */; };
		F9A4286D2882B70D0036A804 /* WeatherAPI.swift in Sources */ = {isa = PBXBuildFile; fileRef = F9A4286C2882B70D0036A804 /* WeatherAPI.swift */; };
		F9A4286F2882B7180036A804 /* ParticularMatterAPI.swift in Sources */ = {isa = PBXBuildFile; fileRef = F9A4286E2882B7180036A804 /* ParticularMatterAPI.swift */; };
		F9A428742882B7580036A804 /* gFunction.swift in Sources */ = {isa = PBXBuildFile; fileRef = F9A428732882B7580036A804 /* gFunction.swift */; };
		F9A4288D2894D8650036A804 /* TodayWeatherSummaryView.swift in Sources */ = {isa = PBXBuildFile; fileRef = F9A4288C2894D8650036A804 /* TodayWeatherSummaryView.swift */; };
		F9A428952894E0FD0036A804 /* NIXGONFONTS L 2.0.ttf in Resources */ = {isa = PBXBuildFile; fileRef = F9A428922894E0FD0036A804 /* NIXGONFONTS L 2.0.ttf */; };
		F9A428962894E0FD0036A804 /* NIXGONFONTS M 2.0.ttf in Resources */ = {isa = PBXBuildFile; fileRef = F9A428932894E0FD0036A804 /* NIXGONFONTS M 2.0.ttf */; };
		F9A428972894E0FD0036A804 /* NIXGONFONTS B 2.0.ttf in Resources */ = {isa = PBXBuildFile; fileRef = F9A428942894E0FD0036A804 /* NIXGONFONTS B 2.0.ttf */; };
/* End PBXBuildFile section */

/* Begin PBXContainerItemProxy section */
		F9A428372882957F0036A804 /* PBXContainerItemProxy */ = {
			isa = PBXContainerItemProxy;
			containerPortal = F9A4281E2882957D0036A804 /* Project object */;
			proxyType = 1;
			remoteGlobalIDString = F9A428252882957D0036A804;
			remoteInfo = MoodTodayWithTCA;
		};
		F9A428412882957F0036A804 /* PBXContainerItemProxy */ = {
			isa = PBXContainerItemProxy;
			containerPortal = F9A4281E2882957D0036A804 /* Project object */;
			proxyType = 1;
			remoteGlobalIDString = F9A428252882957D0036A804;
			remoteInfo = MoodTodayWithTCA;
		};
/* End PBXContainerItemProxy section */

/* Begin PBXFileReference section */
		F93F715C2894EA7D00656CA9 /* Info.plist */ = {isa = PBXFileReference; lastKnownFileType = text.plist; path = Info.plist; sourceTree = "<group>"; };
		F93F715E2895399200656CA9 /* WeatherView.swift */ = {isa = PBXFileReference; lastKnownFileType = sourcecode.swift; path = WeatherView.swift; sourceTree = "<group>"; };
		F9A428262882957D0036A804 /* MoodTodayWithTCA.app */ = {isa = PBXFileReference; explicitFileType = wrapper.application; includeInIndex = 0; path = MoodTodayWithTCA.app; sourceTree = BUILT_PRODUCTS_DIR; };
		F9A428292882957D0036A804 /* MoodTodayWithTCAApp.swift */ = {isa = PBXFileReference; lastKnownFileType = sourcecode.swift; path = MoodTodayWithTCAApp.swift; sourceTree = "<group>"; };
		F9A4282B2882957D0036A804 /* ContentView.swift */ = {isa = PBXFileReference; lastKnownFileType = sourcecode.swift; path = ContentView.swift; sourceTree = "<group>"; };
		F9A4282D2882957E0036A804 /* Assets.xcassets */ = {isa = PBXFileReference; lastKnownFileType = folder.assetcatalog; path = Assets.xcassets; sourceTree = "<group>"; };
		F9A428302882957E0036A804 /* Preview Assets.xcassets */ = {isa = PBXFileReference; lastKnownFileType = folder.assetcatalog; path = "Preview Assets.xcassets"; sourceTree = "<group>"; };
		F9A428362882957F0036A804 /* MoodTodayWithTCATests.xctest */ = {isa = PBXFileReference; explicitFileType = wrapper.cfbundle; includeInIndex = 0; path = MoodTodayWithTCATests.xctest; sourceTree = BUILT_PRODUCTS_DIR; };
		F9A4283A2882957F0036A804 /* MoodTodayWithTCATests.swift */ = {isa = PBXFileReference; lastKnownFileType = sourcecode.swift; path = MoodTodayWithTCATests.swift; sourceTree = "<group>"; };
		F9A428402882957F0036A804 /* MoodTodayWithTCAUITests.xctest */ = {isa = PBXFileReference; explicitFileType = wrapper.cfbundle; includeInIndex = 0; path = MoodTodayWithTCAUITests.xctest; sourceTree = BUILT_PRODUCTS_DIR; };
		F9A428442882957F0036A804 /* MoodTodayWithTCAUITests.swift */ = {isa = PBXFileReference; lastKnownFileType = sourcecode.swift; path = MoodTodayWithTCAUITests.swift; sourceTree = "<group>"; };
		F9A428462882957F0036A804 /* MoodTodayWithTCAUITestsLaunchTests.swift */ = {isa = PBXFileReference; lastKnownFileType = sourcecode.swift; path = MoodTodayWithTCAUITestsLaunchTests.swift; sourceTree = "<group>"; };
		F9A428592882A2950036A804 /* AgreementView.swift */ = {isa = PBXFileReference; lastKnownFileType = sourcecode.swift; path = AgreementView.swift; sourceTree = "<group>"; };
		F9A428692882B6FD0036A804 /* TodayWeatherContainerView.swift */ = {isa = PBXFileReference; lastKnownFileType = sourcecode.swift; path = TodayWeatherContainerView.swift; sourceTree = "<group>"; };
		F9A4286C2882B70D0036A804 /* WeatherAPI.swift */ = {isa = PBXFileReference; lastKnownFileType = sourcecode.swift; path = WeatherAPI.swift; sourceTree = "<group>"; };
		F9A4286E2882B7180036A804 /* ParticularMatterAPI.swift */ = {isa = PBXFileReference; lastKnownFileType = sourcecode.swift; path = ParticularMatterAPI.swift; sourceTree = "<group>"; };
		F9A428732882B7580036A804 /* gFunction.swift */ = {isa = PBXFileReference; lastKnownFileType = sourcecode.swift; path = gFunction.swift; sourceTree = "<group>"; };
		F9A4288C2894D8650036A804 /* TodayWeatherSummaryView.swift */ = {isa = PBXFileReference; lastKnownFileType = sourcecode.swift; path = TodayWeatherSummaryView.swift; sourceTree = "<group>"; };
		F9A428922894E0FD0036A804 /* NIXGONFONTS L 2.0.ttf */ = {isa = PBXFileReference; lastKnownFileType = file; path = "NIXGONFONTS L 2.0.ttf"; sourceTree = "<group>"; };
		F9A428932894E0FD0036A804 /* NIXGONFONTS M 2.0.ttf */ = {isa = PBXFileReference; lastKnownFileType = file; path = "NIXGONFONTS M 2.0.ttf"; sourceTree = "<group>"; };
		F9A428942894E0FD0036A804 /* NIXGONFONTS B 2.0.ttf */ = {isa = PBXFileReference; lastKnownFileType = file; path = "NIXGONFONTS B 2.0.ttf"; sourceTree = "<group>"; };
/* End PBXFileReference section */

/* Begin PBXFrameworksBuildPhase section */
		F9A428232882957D0036A804 /* Frameworks */ = {
			isa = PBXFrameworksBuildPhase;
			buildActionMask = 2147483647;
			files = (
				F9A42855288297BD0036A804 /* ComposableArchitecture in Frameworks */,
				F9A42858288297CB0036A804 /* ComposableCoreLocation in Frameworks */,
				F9A428622882B5520036A804 /* Moya in Frameworks */,
				F9A428682882B5E80036A804 /* Alamofire in Frameworks */,
				F9A428652882B5D40036A804 /* CombineExt in Frameworks */,
				F9A428602882B5520036A804 /* CombineMoya in Frameworks */,
			);
			runOnlyForDeploymentPostprocessing = 0;
		};
		F9A428332882957F0036A804 /* Frameworks */ = {
			isa = PBXFrameworksBuildPhase;
			buildActionMask = 2147483647;
			files = (
			);
			runOnlyForDeploymentPostprocessing = 0;
		};
		F9A4283D2882957F0036A804 /* Frameworks */ = {
			isa = PBXFrameworksBuildPhase;
			buildActionMask = 2147483647;
			files = (
			);
			runOnlyForDeploymentPostprocessing = 0;
		};
/* End PBXFrameworksBuildPhase section */

/* Begin PBXGroup section */
		F93F715D2895394500656CA9 /* View */ = {
			isa = PBXGroup;
			children = (
				F9A4288C2894D8650036A804 /* TodayWeatherSummaryView.swift */,
				F93F715E2895399200656CA9 /* WeatherView.swift */,
			);
			path = View;
			sourceTree = "<group>";
		};
		F9A4281D2882957D0036A804 = {
			isa = PBXGroup;
			children = (
				F9A428282882957D0036A804 /* MoodTodayWithTCA */,
				F9A428392882957F0036A804 /* MoodTodayWithTCATests */,
				F9A428432882957F0036A804 /* MoodTodayWithTCAUITests */,
				F9A428272882957D0036A804 /* Products */,
			);
			sourceTree = "<group>";
		};
		F9A428272882957D0036A804 /* Products */ = {
			isa = PBXGroup;
			children = (
				F9A428262882957D0036A804 /* MoodTodayWithTCA.app */,
				F9A428362882957F0036A804 /* MoodTodayWithTCATests.xctest */,
				F9A428402882957F0036A804 /* MoodTodayWithTCAUITests.xctest */,
			);
			name = Products;
			sourceTree = "<group>";
		};
		F9A428282882957D0036A804 /* MoodTodayWithTCA */ = {
			isa = PBXGroup;
			children = (
				F93F715C2894EA7D00656CA9 /* Info.plist */,
				F9A428902894E08C0036A804 /* Supporting Files */,
				F9A428722882B7510036A804 /* Utils */,
				F9A4285D2882B5030036A804 /* Data Layer */,
				F9A4285C2882B4C20036A804 /* TodayWeather */,
				F9A4285B2882B4B90036A804 /* Agreement */,
				F9A428292882957D0036A804 /* MoodTodayWithTCAApp.swift */,
				F9A4282B2882957D0036A804 /* ContentView.swift */,
				F9A4282D2882957E0036A804 /* Assets.xcassets */,
				F9A4282F2882957E0036A804 /* Preview Content */,
			);
			path = MoodTodayWithTCA;
			sourceTree = "<group>";
		};
		F9A4282F2882957E0036A804 /* Preview Content */ = {
			isa = PBXGroup;
			children = (
				F9A428302882957E0036A804 /* Preview Assets.xcassets */,
			);
			path = "Preview Content";
			sourceTree = "<group>";
		};
		F9A428392882957F0036A804 /* MoodTodayWithTCATests */ = {
			isa = PBXGroup;
			children = (
				F9A4283A2882957F0036A804 /* MoodTodayWithTCATests.swift */,
			);
			path = MoodTodayWithTCATests;
			sourceTree = "<group>";
		};
		F9A428432882957F0036A804 /* MoodTodayWithTCAUITests */ = {
			isa = PBXGroup;
			children = (
				F9A428442882957F0036A804 /* MoodTodayWithTCAUITests.swift */,
				F9A428462882957F0036A804 /* MoodTodayWithTCAUITestsLaunchTests.swift */,
			);
			path = MoodTodayWithTCAUITests;
			sourceTree = "<group>";
		};
		F9A4285B2882B4B90036A804 /* Agreement */ = {
			isa = PBXGroup;
			children = (
				F9A428592882A2950036A804 /* AgreementView.swift */,
			);
			path = Agreement;
			sourceTree = "<group>";
		};
		F9A4285C2882B4C20036A804 /* TodayWeather */ = {
			isa = PBXGroup;
			children = (
				F9A4288B2894D8490036A804 /* TodayWeatherChart */,
				F9A4288A2894D82F0036A804 /* TodayWeatherSummary */,
				F9A428692882B6FD0036A804 /* TodayWeatherContainerView.swift */,
			);
			path = TodayWeather;
			sourceTree = "<group>";
		};
		F9A4285D2882B5030036A804 /* Data Layer */ = {
			isa = PBXGroup;
			children = (
				F9A428712882B7300036A804 /* DTO */,
				F9A428702882B72C0036A804 /* Repository */,
				F9A4286B2882B7040036A804 /* APIs */,
			);
			path = "Data Layer";
			sourceTree = "<group>";
		};
		F9A4286B2882B7040036A804 /* APIs */ = {
			isa = PBXGroup;
			children = (
				F9A4286C2882B70D0036A804 /* WeatherAPI.swift */,
				F9A4286E2882B7180036A804 /* ParticularMatterAPI.swift */,
			);
			path = APIs;
			sourceTree = "<group>";
		};
		F9A428702882B72C0036A804 /* Repository */ = {
			isa = PBXGroup;
			children = (
			);
			path = Repository;
			sourceTree = "<group>";
		};
		F9A428712882B7300036A804 /* DTO */ = {
			isa = PBXGroup;
			children = (
			);
			path = DTO;
			sourceTree = "<group>";
		};
		F9A428722882B7510036A804 /* Utils */ = {
			isa = PBXGroup;
			children = (
				F9A428732882B7580036A804 /* gFunction.swift */,
			);
			path = Utils;
			sourceTree = "<group>";
		};
		F9A4288A2894D82F0036A804 /* TodayWeatherSummary */ = {
			isa = PBXGroup;
			children = (
				F93F715D2895394500656CA9 /* View */,
			);
			path = TodayWeatherSummary;
			sourceTree = "<group>";
		};
		F9A4288B2894D8490036A804 /* TodayWeatherChart */ = {
			isa = PBXGroup;
			children = (
			);
			path = TodayWeatherChart;
			sourceTree = "<group>";
		};
		F9A428902894E08C0036A804 /* Supporting Files */ = {
			isa = PBXGroup;
			children = (
				F9A428912894E0FD0036A804 /* Fonts */,
			);
			path = "Supporting Files";
			sourceTree = "<group>";
		};
		F9A428912894E0FD0036A804 /* Fonts */ = {
			isa = PBXGroup;
			children = (
				F9A428922894E0FD0036A804 /* NIXGONFONTS L 2.0.ttf */,
				F9A428932894E0FD0036A804 /* NIXGONFONTS M 2.0.ttf */,
				F9A428942894E0FD0036A804 /* NIXGONFONTS B 2.0.ttf */,
			);
			path = Fonts;
			sourceTree = "<group>";
		};
/* End PBXGroup section */

/* Begin PBXNativeTarget section */
		F9A428252882957D0036A804 /* MoodTodayWithTCA */ = {
			isa = PBXNativeTarget;
			buildConfigurationList = F9A4284A2882957F0036A804 /* Build configuration list for PBXNativeTarget "MoodTodayWithTCA" */;
			buildPhases = (
				F9A428222882957D0036A804 /* Sources */,
				F9A428232882957D0036A804 /* Frameworks */,
				F9A428242882957D0036A804 /* Resources */,
			);
			buildRules = (
			);
			dependencies = (
			);
			name = MoodTodayWithTCA;
			packageProductDependencies = (
				F9A42854288297BD0036A804 /* ComposableArchitecture */,
				F9A42857288297CB0036A804 /* ComposableCoreLocation */,
				F9A4285F2882B5520036A804 /* CombineMoya */,
				F9A428612882B5520036A804 /* Moya */,
				F9A428642882B5D40036A804 /* CombineExt */,
				F9A428672882B5E80036A804 /* Alamofire */,
			);
			productName = MoodTodayWithTCA;
			productReference = F9A428262882957D0036A804 /* MoodTodayWithTCA.app */;
			productType = "com.apple.product-type.application";
		};
		F9A428352882957F0036A804 /* MoodTodayWithTCATests */ = {
			isa = PBXNativeTarget;
			buildConfigurationList = F9A4284D2882957F0036A804 /* Build configuration list for PBXNativeTarget "MoodTodayWithTCATests" */;
			buildPhases = (
				F9A428322882957F0036A804 /* Sources */,
				F9A428332882957F0036A804 /* Frameworks */,
				F9A428342882957F0036A804 /* Resources */,
			);
			buildRules = (
			);
			dependencies = (
				F9A428382882957F0036A804 /* PBXTargetDependency */,
			);
			name = MoodTodayWithTCATests;
			productName = MoodTodayWithTCATests;
			productReference = F9A428362882957F0036A804 /* MoodTodayWithTCATests.xctest */;
			productType = "com.apple.product-type.bundle.unit-test";
		};
		F9A4283F2882957F0036A804 /* MoodTodayWithTCAUITests */ = {
			isa = PBXNativeTarget;
			buildConfigurationList = F9A428502882957F0036A804 /* Build configuration list for PBXNativeTarget "MoodTodayWithTCAUITests" */;
			buildPhases = (
				F9A4283C2882957F0036A804 /* Sources */,
				F9A4283D2882957F0036A804 /* Frameworks */,
				F9A4283E2882957F0036A804 /* Resources */,
			);
			buildRules = (
			);
			dependencies = (
				F9A428422882957F0036A804 /* PBXTargetDependency */,
			);
			name = MoodTodayWithTCAUITests;
			productName = MoodTodayWithTCAUITests;
			productReference = F9A428402882957F0036A804 /* MoodTodayWithTCAUITests.xctest */;
			productType = "com.apple.product-type.bundle.ui-testing";
		};
/* End PBXNativeTarget section */

/* Begin PBXProject section */
		F9A4281E2882957D0036A804 /* Project object */ = {
			isa = PBXProject;
			attributes = {
				BuildIndependentTargetsInParallel = 1;
				LastSwiftUpdateCheck = 1330;
				LastUpgradeCheck = 1330;
				TargetAttributes = {
					F9A428252882957D0036A804 = {
						CreatedOnToolsVersion = 13.3.1;
					};
					F9A428352882957F0036A804 = {
						CreatedOnToolsVersion = 13.3.1;
						TestTargetID = F9A428252882957D0036A804;
					};
					F9A4283F2882957F0036A804 = {
						CreatedOnToolsVersion = 13.3.1;
						TestTargetID = F9A428252882957D0036A804;
					};
				};
			};
			buildConfigurationList = F9A428212882957D0036A804 /* Build configuration list for PBXProject "MoodTodayWithTCA" */;
			compatibilityVersion = "Xcode 13.0";
			developmentRegion = en;
			hasScannedForEncodings = 0;
			knownRegions = (
				en,
				Base,
			);
			mainGroup = F9A4281D2882957D0036A804;
			packageReferences = (
				F9A42853288297BD0036A804 /* XCRemoteSwiftPackageReference "swift-composable-architecture" */,
				F9A42856288297CB0036A804 /* XCRemoteSwiftPackageReference "composable-core-location" */,
				F9A4285E2882B5520036A804 /* XCRemoteSwiftPackageReference "Moya" */,
				F9A428632882B5D40036A804 /* XCRemoteSwiftPackageReference "CombineExt" */,
				F9A428662882B5E80036A804 /* XCRemoteSwiftPackageReference "Alamofire" */,
			);
			productRefGroup = F9A428272882957D0036A804 /* Products */;
			projectDirPath = "";
			projectRoot = "";
			targets = (
				F9A428252882957D0036A804 /* MoodTodayWithTCA */,
				F9A428352882957F0036A804 /* MoodTodayWithTCATests */,
				F9A4283F2882957F0036A804 /* MoodTodayWithTCAUITests */,
			);
		};
/* End PBXProject section */

/* Begin PBXResourcesBuildPhase section */
		F9A428242882957D0036A804 /* Resources */ = {
			isa = PBXResourcesBuildPhase;
			buildActionMask = 2147483647;
			files = (
				F9A428972894E0FD0036A804 /* NIXGONFONTS B 2.0.ttf in Resources */,
				F9A428962894E0FD0036A804 /* NIXGONFONTS M 2.0.ttf in Resources */,
				F9A428312882957E0036A804 /* Preview Assets.xcassets in Resources */,
				F9A4282E2882957E0036A804 /* Assets.xcassets in Resources */,
				F9A428952894E0FD0036A804 /* NIXGONFONTS L 2.0.ttf in Resources */,
			);
			runOnlyForDeploymentPostprocessing = 0;
		};
		F9A428342882957F0036A804 /* Resources */ = {
			isa = PBXResourcesBuildPhase;
			buildActionMask = 2147483647;
			files = (
			);
			runOnlyForDeploymentPostprocessing = 0;
		};
		F9A4283E2882957F0036A804 /* Resources */ = {
			isa = PBXResourcesBuildPhase;
			buildActionMask = 2147483647;
			files = (
			);
			runOnlyForDeploymentPostprocessing = 0;
		};
/* End PBXResourcesBuildPhase section */

/* Begin PBXSourcesBuildPhase section */
		F9A428222882957D0036A804 /* Sources */ = {
			isa = PBXSourcesBuildPhase;
			buildActionMask = 2147483647;
			files = (
				F9A428742882B7580036A804 /* gFunction.swift in Sources */,
				F9A4282C2882957D0036A804 /* ContentView.swift in Sources */,
				F93F715F2895399200656CA9 /* WeatherView.swift in Sources */,
				F9A4288D2894D8650036A804 /* TodayWeatherSummaryView.swift in Sources */,
				F9A4286A2882B6FD0036A804 /* TodayWeatherContainerView.swift in Sources */,
				F9A4286D2882B70D0036A804 /* WeatherAPI.swift in Sources */,
				F9A4285A2882A2950036A804 /* AgreementView.swift in Sources */,
				F9A4286F2882B7180036A804 /* ParticularMatterAPI.swift in Sources */,
				F9A4282A2882957D0036A804 /* MoodTodayWithTCAApp.swift in Sources */,
			);
			runOnlyForDeploymentPostprocessing = 0;
		};
		F9A428322882957F0036A804 /* Sources */ = {
			isa = PBXSourcesBuildPhase;
			buildActionMask = 2147483647;
			files = (
				F9A4283B2882957F0036A804 /* MoodTodayWithTCATests.swift in Sources */,
			);
			runOnlyForDeploymentPostprocessing = 0;
		};
		F9A4283C2882957F0036A804 /* Sources */ = {
			isa = PBXSourcesBuildPhase;
			buildActionMask = 2147483647;
			files = (
				F9A428472882957F0036A804 /* MoodTodayWithTCAUITestsLaunchTests.swift in Sources */,
				F9A428452882957F0036A804 /* MoodTodayWithTCAUITests.swift in Sources */,
			);
			runOnlyForDeploymentPostprocessing = 0;
		};
/* End PBXSourcesBuildPhase section */

/* Begin PBXTargetDependency section */
		F9A428382882957F0036A804 /* PBXTargetDependency */ = {
			isa = PBXTargetDependency;
			target = F9A428252882957D0036A804 /* MoodTodayWithTCA */;
			targetProxy = F9A428372882957F0036A804 /* PBXContainerItemProxy */;
		};
		F9A428422882957F0036A804 /* PBXTargetDependency */ = {
			isa = PBXTargetDependency;
			target = F9A428252882957D0036A804 /* MoodTodayWithTCA */;
			targetProxy = F9A428412882957F0036A804 /* PBXContainerItemProxy */;
		};
/* End PBXTargetDependency section */

/* Begin XCBuildConfiguration section */
		F9A428482882957F0036A804 /* Debug */ = {
			isa = XCBuildConfiguration;
			buildSettings = {
				ALWAYS_SEARCH_USER_PATHS = NO;
				CLANG_ANALYZER_NONNULL = YES;
				CLANG_ANALYZER_NUMBER_OBJECT_CONVERSION = YES_AGGRESSIVE;
				CLANG_CXX_LANGUAGE_STANDARD = "gnu++17";
				CLANG_ENABLE_MODULES = YES;
				CLANG_ENABLE_OBJC_ARC = YES;
				CLANG_ENABLE_OBJC_WEAK = YES;
				CLANG_WARN_BLOCK_CAPTURE_AUTORELEASING = YES;
				CLANG_WARN_BOOL_CONVERSION = YES;
				CLANG_WARN_COMMA = YES;
				CLANG_WARN_CONSTANT_CONVERSION = YES;
				CLANG_WARN_DEPRECATED_OBJC_IMPLEMENTATIONS = YES;
				CLANG_WARN_DIRECT_OBJC_ISA_USAGE = YES_ERROR;
				CLANG_WARN_DOCUMENTATION_COMMENTS = YES;
				CLANG_WARN_EMPTY_BODY = YES;
				CLANG_WARN_ENUM_CONVERSION = YES;
				CLANG_WARN_INFINITE_RECURSION = YES;
				CLANG_WARN_INT_CONVERSION = YES;
				CLANG_WARN_NON_LITERAL_NULL_CONVERSION = YES;
				CLANG_WARN_OBJC_IMPLICIT_RETAIN_SELF = YES;
				CLANG_WARN_OBJC_LITERAL_CONVERSION = YES;
				CLANG_WARN_OBJC_ROOT_CLASS = YES_ERROR;
				CLANG_WARN_QUOTED_INCLUDE_IN_FRAMEWORK_HEADER = YES;
				CLANG_WARN_RANGE_LOOP_ANALYSIS = YES;
				CLANG_WARN_STRICT_PROTOTYPES = YES;
				CLANG_WARN_SUSPICIOUS_MOVE = YES;
				CLANG_WARN_UNGUARDED_AVAILABILITY = YES_AGGRESSIVE;
				CLANG_WARN_UNREACHABLE_CODE = YES;
				CLANG_WARN__DUPLICATE_METHOD_MATCH = YES;
				COPY_PHASE_STRIP = NO;
				DEBUG_INFORMATION_FORMAT = dwarf;
				ENABLE_STRICT_OBJC_MSGSEND = YES;
				ENABLE_TESTABILITY = YES;
				GCC_C_LANGUAGE_STANDARD = gnu11;
				GCC_DYNAMIC_NO_PIC = NO;
				GCC_NO_COMMON_BLOCKS = YES;
				GCC_OPTIMIZATION_LEVEL = 0;
				GCC_PREPROCESSOR_DEFINITIONS = (
					"DEBUG=1",
					"$(inherited)",
				);
				GCC_WARN_64_TO_32_BIT_CONVERSION = YES;
				GCC_WARN_ABOUT_RETURN_TYPE = YES_ERROR;
				GCC_WARN_UNDECLARED_SELECTOR = YES;
				GCC_WARN_UNINITIALIZED_AUTOS = YES_AGGRESSIVE;
				GCC_WARN_UNUSED_FUNCTION = YES;
				GCC_WARN_UNUSED_VARIABLE = YES;
				IPHONEOS_DEPLOYMENT_TARGET = 15.4;
				MTL_ENABLE_DEBUG_INFO = INCLUDE_SOURCE;
				MTL_FAST_MATH = YES;
				ONLY_ACTIVE_ARCH = YES;
				SDKROOT = iphoneos;
				SWIFT_ACTIVE_COMPILATION_CONDITIONS = DEBUG;
				SWIFT_OPTIMIZATION_LEVEL = "-Onone";
			};
			name = Debug;
		};
		F9A428492882957F0036A804 /* Release */ = {
			isa = XCBuildConfiguration;
			buildSettings = {
				ALWAYS_SEARCH_USER_PATHS = NO;
				CLANG_ANALYZER_NONNULL = YES;
				CLANG_ANALYZER_NUMBER_OBJECT_CONVERSION = YES_AGGRESSIVE;
				CLANG_CXX_LANGUAGE_STANDARD = "gnu++17";
				CLANG_ENABLE_MODULES = YES;
				CLANG_ENABLE_OBJC_ARC = YES;
				CLANG_ENABLE_OBJC_WEAK = YES;
				CLANG_WARN_BLOCK_CAPTURE_AUTORELEASING = YES;
				CLANG_WARN_BOOL_CONVERSION = YES;
				CLANG_WARN_COMMA = YES;
				CLANG_WARN_CONSTANT_CONVERSION = YES;
				CLANG_WARN_DEPRECATED_OBJC_IMPLEMENTATIONS = YES;
				CLANG_WARN_DIRECT_OBJC_ISA_USAGE = YES_ERROR;
				CLANG_WARN_DOCUMENTATION_COMMENTS = YES;
				CLANG_WARN_EMPTY_BODY = YES;
				CLANG_WARN_ENUM_CONVERSION = YES;
				CLANG_WARN_INFINITE_RECURSION = YES;
				CLANG_WARN_INT_CONVERSION = YES;
				CLANG_WARN_NON_LITERAL_NULL_CONVERSION = YES;
				CLANG_WARN_OBJC_IMPLICIT_RETAIN_SELF = YES;
				CLANG_WARN_OBJC_LITERAL_CONVERSION = YES;
				CLANG_WARN_OBJC_ROOT_CLASS = YES_ERROR;
				CLANG_WARN_QUOTED_INCLUDE_IN_FRAMEWORK_HEADER = YES;
				CLANG_WARN_RANGE_LOOP_ANALYSIS = YES;
				CLANG_WARN_STRICT_PROTOTYPES = YES;
				CLANG_WARN_SUSPICIOUS_MOVE = YES;
				CLANG_WARN_UNGUARDED_AVAILABILITY = YES_AGGRESSIVE;
				CLANG_WARN_UNREACHABLE_CODE = YES;
				CLANG_WARN__DUPLICATE_METHOD_MATCH = YES;
				COPY_PHASE_STRIP = NO;
				DEBUG_INFORMATION_FORMAT = "dwarf-with-dsym";
				ENABLE_NS_ASSERTIONS = NO;
				ENABLE_STRICT_OBJC_MSGSEND = YES;
				GCC_C_LANGUAGE_STANDARD = gnu11;
				GCC_NO_COMMON_BLOCKS = YES;
				GCC_WARN_64_TO_32_BIT_CONVERSION = YES;
				GCC_WARN_ABOUT_RETURN_TYPE = YES_ERROR;
				GCC_WARN_UNDECLARED_SELECTOR = YES;
				GCC_WARN_UNINITIALIZED_AUTOS = YES_AGGRESSIVE;
				GCC_WARN_UNUSED_FUNCTION = YES;
				GCC_WARN_UNUSED_VARIABLE = YES;
				IPHONEOS_DEPLOYMENT_TARGET = 15.4;
				MTL_ENABLE_DEBUG_INFO = NO;
				MTL_FAST_MATH = YES;
				SDKROOT = iphoneos;
				SWIFT_COMPILATION_MODE = wholemodule;
				SWIFT_OPTIMIZATION_LEVEL = "-O";
				VALIDATE_PRODUCT = YES;
			};
			name = Release;
		};
		F9A4284B2882957F0036A804 /* Debug */ = {
			isa = XCBuildConfiguration;
			buildSettings = {
				ASSETCATALOG_COMPILER_APPICON_NAME = AppIcon;
				ASSETCATALOG_COMPILER_GLOBAL_ACCENT_COLOR_NAME = AccentColor;
				CODE_SIGN_STYLE = Automatic;
				CURRENT_PROJECT_VERSION = 1;
				DEVELOPMENT_ASSET_PATHS = "\"MoodTodayWithTCA/Preview Content\"";
				DEVELOPMENT_TEAM = NF58AE9U4V;
				ENABLE_PREVIEWS = YES;
				GENERATE_INFOPLIST_FILE = YES;
				INFOPLIST_FILE = MoodTodayWithTCA/Info.plist;
				INFOPLIST_KEY_UIApplicationSceneManifest_Generation = YES;
				INFOPLIST_KEY_UIApplicationSupportsIndirectInputEvents = YES;
				INFOPLIST_KEY_UILaunchScreen_Generation = YES;
				INFOPLIST_KEY_UISupportedInterfaceOrientations_iPad = "UIInterfaceOrientationPortrait UIInterfaceOrientationPortraitUpsideDown UIInterfaceOrientationLandscapeLeft UIInterfaceOrientationLandscapeRight";
				INFOPLIST_KEY_UISupportedInterfaceOrientations_iPhone = "UIInterfaceOrientationPortrait UIInterfaceOrientationLandscapeLeft UIInterfaceOrientationLandscapeRight";
				LD_RUNPATH_SEARCH_PATHS = (
					"$(inherited)",
					"@executable_path/Frameworks",
				);
				MARKETING_VERSION = 1.0;
				PRODUCT_BUNDLE_IDENTIFIER = Cent.MoodTodayWithTCA;
				PRODUCT_NAME = "$(TARGET_NAME)";
				SWIFT_EMIT_LOC_STRINGS = YES;
				SWIFT_VERSION = 5.0;
				TARGETED_DEVICE_FAMILY = "1,2";
			};
			name = Debug;
		};
		F9A4284C2882957F0036A804 /* Release */ = {
			isa = XCBuildConfiguration;
			buildSettings = {
				ASSETCATALOG_COMPILER_APPICON_NAME = AppIcon;
				ASSETCATALOG_COMPILER_GLOBAL_ACCENT_COLOR_NAME = AccentColor;
				CODE_SIGN_STYLE = Automatic;
				CURRENT_PROJECT_VERSION = 1;
				DEVELOPMENT_ASSET_PATHS = "\"MoodTodayWithTCA/Preview Content\"";
				DEVELOPMENT_TEAM = NF58AE9U4V;
				ENABLE_PREVIEWS = YES;
				GENERATE_INFOPLIST_FILE = YES;
				INFOPLIST_FILE = MoodTodayWithTCA/Info.plist;
				INFOPLIST_KEY_UIApplicationSceneManifest_Generation = YES;
				INFOPLIST_KEY_UIApplicationSupportsIndirectInputEvents = YES;
				INFOPLIST_KEY_UILaunchScreen_Generation = YES;
				INFOPLIST_KEY_UISupportedInterfaceOrientations_iPad = "UIInterfaceOrientationPortrait UIInterfaceOrientationPortraitUpsideDown UIInterfaceOrientationLandscapeLeft UIInterfaceOrientationLandscapeRight";
				INFOPLIST_KEY_UISupportedInterfaceOrientations_iPhone = "UIInterfaceOrientationPortrait UIInterfaceOrientationLandscapeLeft UIInterfaceOrientationLandscapeRight";
				LD_RUNPATH_SEARCH_PATHS = (
					"$(inherited)",
					"@executable_path/Frameworks",
				);
				MARKETING_VERSION = 1.0;
				PRODUCT_BUNDLE_IDENTIFIER = Cent.MoodTodayWithTCA;
				PRODUCT_NAME = "$(TARGET_NAME)";
				SWIFT_EMIT_LOC_STRINGS = YES;
				SWIFT_VERSION = 5.0;
				TARGETED_DEVICE_FAMILY = "1,2";
			};
			name = Release;
		};
		F9A4284E2882957F0036A804 /* Debug */ = {
			isa = XCBuildConfiguration;
			buildSettings = {
				ALWAYS_EMBED_SWIFT_STANDARD_LIBRARIES = YES;
				BUNDLE_LOADER = "$(TEST_HOST)";
				CODE_SIGN_STYLE = Automatic;
				CURRENT_PROJECT_VERSION = 1;
				DEVELOPMENT_TEAM = NF58AE9U4V;
				GENERATE_INFOPLIST_FILE = YES;
				IPHONEOS_DEPLOYMENT_TARGET = 15.4;
				MARKETING_VERSION = 1.0;
				PRODUCT_BUNDLE_IDENTIFIER = Cent.MoodTodayWithTCATests;
				PRODUCT_NAME = "$(TARGET_NAME)";
				SWIFT_EMIT_LOC_STRINGS = NO;
				SWIFT_VERSION = 5.0;
				TARGETED_DEVICE_FAMILY = "1,2";
				TEST_HOST = "$(BUILT_PRODUCTS_DIR)/MoodTodayWithTCA.app/MoodTodayWithTCA";
			};
			name = Debug;
		};
		F9A4284F2882957F0036A804 /* Release */ = {
			isa = XCBuildConfiguration;
			buildSettings = {
				ALWAYS_EMBED_SWIFT_STANDARD_LIBRARIES = YES;
				BUNDLE_LOADER = "$(TEST_HOST)";
				CODE_SIGN_STYLE = Automatic;
				CURRENT_PROJECT_VERSION = 1;
				DEVELOPMENT_TEAM = NF58AE9U4V;
				GENERATE_INFOPLIST_FILE = YES;
				IPHONEOS_DEPLOYMENT_TARGET = 15.4;
				MARKETING_VERSION = 1.0;
				PRODUCT_BUNDLE_IDENTIFIER = Cent.MoodTodayWithTCATests;
				PRODUCT_NAME = "$(TARGET_NAME)";
				SWIFT_EMIT_LOC_STRINGS = NO;
				SWIFT_VERSION = 5.0;
				TARGETED_DEVICE_FAMILY = "1,2";
				TEST_HOST = "$(BUILT_PRODUCTS_DIR)/MoodTodayWithTCA.app/MoodTodayWithTCA";
			};
			name = Release;
		};
		F9A428512882957F0036A804 /* Debug */ = {
			isa = XCBuildConfiguration;
			buildSettings = {
				ALWAYS_EMBED_SWIFT_STANDARD_LIBRARIES = YES;
				CODE_SIGN_STYLE = Automatic;
				CURRENT_PROJECT_VERSION = 1;
				DEVELOPMENT_TEAM = NF58AE9U4V;
				GENERATE_INFOPLIST_FILE = YES;
				MARKETING_VERSION = 1.0;
				PRODUCT_BUNDLE_IDENTIFIER = Cent.MoodTodayWithTCAUITests;
				PRODUCT_NAME = "$(TARGET_NAME)";
				SWIFT_EMIT_LOC_STRINGS = NO;
				SWIFT_VERSION = 5.0;
				TARGETED_DEVICE_FAMILY = "1,2";
				TEST_TARGET_NAME = MoodTodayWithTCA;
			};
			name = Debug;
		};
		F9A428522882957F0036A804 /* Release */ = {
			isa = XCBuildConfiguration;
			buildSettings = {
				ALWAYS_EMBED_SWIFT_STANDARD_LIBRARIES = YES;
				CODE_SIGN_STYLE = Automatic;
				CURRENT_PROJECT_VERSION = 1;
				DEVELOPMENT_TEAM = NF58AE9U4V;
				GENERATE_INFOPLIST_FILE = YES;
				MARKETING_VERSION = 1.0;
				PRODUCT_BUNDLE_IDENTIFIER = Cent.MoodTodayWithTCAUITests;
				PRODUCT_NAME = "$(TARGET_NAME)";
				SWIFT_EMIT_LOC_STRINGS = NO;
				SWIFT_VERSION = 5.0;
				TARGETED_DEVICE_FAMILY = "1,2";
				TEST_TARGET_NAME = MoodTodayWithTCA;
			};
			name = Release;
		};
/* End XCBuildConfiguration section */

/* Begin XCConfigurationList section */
		F9A428212882957D0036A804 /* Build configuration list for PBXProject "MoodTodayWithTCA" */ = {
			isa = XCConfigurationList;
			buildConfigurations = (
				F9A428482882957F0036A804 /* Debug */,
				F9A428492882957F0036A804 /* Release */,
			);
			defaultConfigurationIsVisible = 0;
			defaultConfigurationName = Release;
		};
		F9A4284A2882957F0036A804 /* Build configuration list for PBXNativeTarget "MoodTodayWithTCA" */ = {
			isa = XCConfigurationList;
			buildConfigurations = (
				F9A4284B2882957F0036A804 /* Debug */,
				F9A4284C2882957F0036A804 /* Release */,
			);
			defaultConfigurationIsVisible = 0;
			defaultConfigurationName = Release;
		};
		F9A4284D2882957F0036A804 /* Build configuration list for PBXNativeTarget "MoodTodayWithTCATests" */ = {
			isa = XCConfigurationList;
			buildConfigurations = (
				F9A4284E2882957F0036A804 /* Debug */,
				F9A4284F2882957F0036A804 /* Release */,
			);
			defaultConfigurationIsVisible = 0;
			defaultConfigurationName = Release;
		};
		F9A428502882957F0036A804 /* Build configuration list for PBXNativeTarget "MoodTodayWithTCAUITests" */ = {
			isa = XCConfigurationList;
			buildConfigurations = (
				F9A428512882957F0036A804 /* Debug */,
				F9A428522882957F0036A804 /* Release */,
			);
			defaultConfigurationIsVisible = 0;
			defaultConfigurationName = Release;
		};
/* End XCConfigurationList section */

/* Begin XCRemoteSwiftPackageReference section */
		F9A42853288297BD0036A804 /* XCRemoteSwiftPackageReference "swift-composable-architecture" */ = {
			isa = XCRemoteSwiftPackageReference;
			repositoryURL = "https://github.com/pointfreeco/swift-composable-architecture";
			requirement = {
				branch = main;
				kind = branch;
			};
		};
		F9A42856288297CB0036A804 /* XCRemoteSwiftPackageReference "composable-core-location" */ = {
			isa = XCRemoteSwiftPackageReference;
			repositoryURL = "https://github.com/pointfreeco/composable-core-location";
			requirement = {
				branch = main;
				kind = branch;
			};
		};
		F9A4285E2882B5520036A804 /* XCRemoteSwiftPackageReference "Moya" */ = {
			isa = XCRemoteSwiftPackageReference;
			repositoryURL = "https://github.com/Moya/Moya.git";
			requirement = {
				kind = upToNextMajorVersion;
				minimumVersion = 15.0.0;
			};
		};
		F9A428632882B5D40036A804 /* XCRemoteSwiftPackageReference "CombineExt" */ = {
			isa = XCRemoteSwiftPackageReference;
			repositoryURL = "https://github.com/CombineCommunity/CombineExt.git";
			requirement = {
				kind = upToNextMajorVersion;
				minimumVersion = 1.0.0;
			};
		};
		F9A428662882B5E80036A804 /* XCRemoteSwiftPackageReference "Alamofire" */ = {
			isa = XCRemoteSwiftPackageReference;
			repositoryURL = "https://github.com/Alamofire/Alamofire.git";
			requirement = {
				kind = upToNextMajorVersion;
				minimumVersion = 5.6.1;
			};
		};
/* End XCRemoteSwiftPackageReference section */

/* Begin XCSwiftPackageProductDependency section */
		F9A42854288297BD0036A804 /* ComposableArchitecture */ = {
			isa = XCSwiftPackageProductDependency;
			package = F9A42853288297BD0036A804 /* XCRemoteSwiftPackageReference "swift-composable-architecture" */;
			productName = ComposableArchitecture;
		};
		F9A42857288297CB0036A804 /* ComposableCoreLocation */ = {
			isa = XCSwiftPackageProductDependency;
			package = F9A42856288297CB0036A804 /* XCRemoteSwiftPackageReference "composable-core-location" */;
			productName = ComposableCoreLocation;
		};
		F9A4285F2882B5520036A804 /* CombineMoya */ = {
			isa = XCSwiftPackageProductDependency;
			package = F9A4285E2882B5520036A804 /* XCRemoteSwiftPackageReference "Moya" */;
			productName = CombineMoya;
		};
		F9A428612882B5520036A804 /* Moya */ = {
			isa = XCSwiftPackageProductDependency;
			package = F9A4285E2882B5520036A804 /* XCRemoteSwiftPackageReference "Moya" */;
			productName = Moya;
		};
		F9A428642882B5D40036A804 /* CombineExt */ = {
			isa = XCSwiftPackageProductDependency;
			package = F9A428632882B5D40036A804 /* XCRemoteSwiftPackageReference "CombineExt" */;
			productName = CombineExt;
		};
		F9A428672882B5E80036A804 /* Alamofire */ = {
			isa = XCSwiftPackageProductDependency;
			package = F9A428662882B5E80036A804 /* XCRemoteSwiftPackageReference "Alamofire" */;
			productName = Alamofire;
		};
/* End XCSwiftPackageProductDependency section */
	};
	rootObject = F9A4281E2882957D0036A804 /* Project object */;
}
